{
  "requires": true,
  "lockfileVersion": 1,
  "dependencies": {
    "angular": {
      "version": "1.7.9",
      "resolved": "https://registry.npmjs.org/angular/-/angular-1.7.9.tgz",
      "integrity": "sha512-5se7ZpcOtu0MBFlzGv5dsM1quQDoDeUTwZrWjGtTNA7O88cD8TEk5IEKCTDa3uECV9XnvKREVUr7du1ACiWGFQ=="
    },
    "angular-ui-router": {
      "version": "0.4.3",
      "resolved": "https://registry.npmjs.org/angular-ui-router/-/angular-ui-router-0.4.3.tgz",
      "integrity": "sha512-EGBG7G7ArFVkJPM+ZIgPKuMYuT16UQrr3zj3BEiXHKwxss867bGt3u7QD9g4BxR+K2qQOSWok6JGvgTWXAko3A==",
      "requires": {
        "angular": "1.5.8"
      },
      "dependencies": {
        "angular": {
          "version": "1.5.8",
          "resolved": "https://registry.npmjs.org/angular/-/angular-1.5.8.tgz",
          "integrity": "sha1-klpTkrjCEtCVctxEbbfgEmTglMs="
        }
      }
    },
    "bootstrap": {
      "version": "3.3.7",
      "resolved": "https://registry.npmjs.org/bootstrap/-/bootstrap-3.3.7.tgz",
      "integrity": "sha1-WjiTlFSfIzMIdaOxUGVldPip63E="
    },
    "jquery": {
      "version": "3.5.0",
      "resolved": "https://registry.npmjs.org/jquery/-/jquery-3.5.0.tgz",
      "integrity": "sha512-Xb7SVYMvygPxbFMpTFQiHh1J7HClEaThguL15N/Gg37Lri/qKyhRGZYzHRyLH8Stq3Aow0LsHO2O2ci86fCrNQ=="
    },
    "lodash": {
      "version": "4.17.4",
      "resolved": "https://registry.npmjs.org/lodash/-/lodash-4.17.4.tgz",
      "integrity": "sha1-eCA6TRwyiuHYbcpkYONptX9AVa4="
    },
    "ng-mask": {
      "version": "3.1.1",
      "resolved": "https://registry.npmjs.org/ng-mask/-/ng-mask-3.1.1.tgz",
      "integrity": "sha1-21/5roh5v3QSgNJCdcvnhhlBIao="
    },
    "restangular": {
      "version": "1.6.1",
      "resolved": "https://registry.npmjs.org/restangular/-/restangular-1.6.1.tgz",
      "integrity": "sha1-rdF0PyfXewuKZS5khadgtiNO0CQ=",
      "requires": {
        "lodash": "4.17.4"
      }
    }
  }
}
